{
  "originHash" : "7d8034c9c4a101d1cd01737c9fb29449cd3d989936e26fc2f60b828446b4aabb",
  "pins" : [
    {
      "identity" : "compute",
      "kind" : "remoteSourceControl",
      "location" : "https://github.com/schwa/Compute",
      "state" : {
        "revision" : "815766d68a04442e37c37ad4b0ab556767ae2178",
        "version" : "0.0.5"
      }
    },
    {
      "identity" : "sqlite.swift",
      "kind" : "remoteSourceControl",
      "location" : "https://github.com/stephencelis/SQLite.swift",
      "state" : {
        "revision" : "a95fc6df17d108bd99210db5e8a9bac90fe984b8",
        "version" : "0.15.3"
      }
    },
    {
      "identity" : "swiftnormalization",
      "kind" : "remoteSourceControl",
      "location" : "https://github.com/JacopoMangiavacchi/SwiftNormalization",
      "state" : {
        "revision" : "8fa4f7850e0bd56966f306ec874f916494059246",
        "version" : "0.1.0"
      }
    }
  ],
  "version" : 3
}
